
Microsoft Visual Studio Solution File, Format Version 12.00
# Visual Studio Version 17
VisualStudioVersion = 17.9.34701.34
MinimumVisualStudioVersion = 10.0.40219.1
Project("{FAE04EC0-301F-11D3-BF4B-00C04F79EFBC}") = "MasterApi", "MasterApi.csproj", "{CDC9A227-0BEB-4F1E-ACD3-4B7F14DD93BF}"
EndProject
Project("{FAE04EC0-301F-11D3-BF4B-00C04F79EFBC}") = "MasterApiTeste", "..\MasterApiTeste\MasterApiTeste.csproj", "{8574411C-0035-452B-AEC5-E3E3D6A20F1F}"
EndProject
Global
	GlobalSection(SolutionConfigurationPlatforms) = preSolution
		Debug|Any CPU = Debug|Any CPU
		Release|Any CPU = Release|Any CPU
	EndGlobalSection
	GlobalSection(ProjectConfigurationPlatforms) = postSolution
		{CDC9A227-0BEB-4F1E-ACD3-4B7F14DD93BF}.Debug|Any CPU.ActiveCfg = Debug|Any CPU
		{CDC9A227-0BEB-4F1E-ACD3-4B7F14DD93BF}.Debug|Any CPU.Build.0 = Debug|Any CPU
		{CDC9A227-0BEB-4F1E-ACD3-4B7F14DD93BF}.Release|Any CPU.ActiveCfg = Release|Any CPU
		{CDC9A227-0BEB-4F1E-ACD3-4B7F14DD93BF}.Release|Any CPU.Build.0 = Release|Any CPU
		{8574411C-0035-452B-AEC5-E3E3D6A20F1F}.Debug|Any CPU.ActiveCfg = Debug|Any CPU
		{8574411C-0035-452B-AEC5-E3E3D6A20F1F}.Debug|Any CPU.Build.0 = Debug|Any CPU
		{8574411C-0035-452B-AEC5-E3E3D6A20F1F}.Release|Any CPU.ActiveCfg = Release|Any CPU
		{8574411C-0035-452B-AEC5-E3E3D6A20F1F}.Release|Any CPU.Build.0 = Release|Any CPU
	EndGlobalSection
	GlobalSection(SolutionProperties) = preSolution
		HideSolutionNode = FALSE
	EndGlobalSection
	GlobalSection(ExtensibilityGlobals) = postSolution
		SolutionGuid = {4D3049F9-B499-4A2B-B277-0AE7A8CFD349}
	EndGlobalSection
EndGlobal
